
Microsoft Visual Studio Solution File, Format Version 12.00
# Visual Studio 15
VisualStudioVersion = 15.0.28307.1267
MinimumVisualStudioVersion = 10.0.40219.1
Project("{FAE04EC0-301F-11D3-BF4B-00C04F79EFBC}") = "SimpleExamples", "SimpleExamples\SimpleExamples.csproj", "{2E1ABABA-8639-4D94-875A-46B199BFD70B}"
EndProject
Global
	GlobalSection(SolutionConfigurationPlatforms) = preSolution
		Debug|Any CPU = Debug|Any CPU
		Release|Any CPU = Release|Any CPU
	EndGlobalSection
	GlobalSection(ProjectConfigurationPlatforms) = postSolution
		{2E1ABABA-8639-4D94-875A-46B199BFD70B}.Debug|Any CPU.ActiveCfg = Debug|Any CPU
		{2E1ABABA-8639-4D94-875A-46B199BFD70B}.Debug|Any CPU.Build.0 = Debug|Any CPU
		{2E1ABABA-8639-4D94-875A-46B199BFD70B}.Release|Any CPU.ActiveCfg = Release|Any CPU
		{2E1ABABA-8639-4D94-875A-46B199BFD70B}.Release|Any CPU.Build.0 = Release|Any CPU
	EndGlobalSection
	GlobalSection(SolutionProperties) = preSolution
		HideSolutionNode = FALSE
	EndGlobalSection
	GlobalSection(ExtensibilityGlobals) = postSolution
		SolutionGuid = {CC93AD63-AE46-4987-B67B-4A0E6A054E0E}
	EndGlobalSection
EndGlobal
